
Microsoft Visual Studio Solution File, Format Version 12.00
# Visual Studio Version 17
VisualStudioVersion = 17.4.33110.190
MinimumVisualStudioVersion = 10.0.40219.1
Project("{FAE04EC0-301F-11D3-BF4B-00C04F79EFBC}") = "SimulacionEntrevista.Console", "SimulacionEntrevista.Console\SimulacionEntrevista.Console.csproj", "{8D149B7F-E33B-4183-B63D-8FEFC121097E}"
EndProject
Global
	GlobalSection(SolutionConfigurationPlatforms) = preSolution
		Debug|Any CPU = Debug|Any CPU
		Release|Any CPU = Release|Any CPU
	EndGlobalSection
	GlobalSection(ProjectConfigurationPlatforms) = postSolution
		{8D149B7F-E33B-4183-B63D-8FEFC121097E}.Debug|Any CPU.ActiveCfg = Debug|Any CPU
		{8D149B7F-E33B-4183-B63D-8FEFC121097E}.Debug|Any CPU.Build.0 = Debug|Any CPU
		{8D149B7F-E33B-4183-B63D-8FEFC121097E}.Release|Any CPU.ActiveCfg = Release|Any CPU
		{8D149B7F-E33B-4183-B63D-8FEFC121097E}.Release|Any CPU.Build.0 = Release|Any CPU
	EndGlobalSection
	GlobalSection(SolutionProperties) = preSolution
		HideSolutionNode = FALSE
	EndGlobalSection
	GlobalSection(ExtensibilityGlobals) = postSolution
		SolutionGuid = {56F77BB0-BE58-4E2D-9C96-47D894D5C01B}
	EndGlobalSection
EndGlobal
